
Microsoft Visual Studio Solution File, Format Version 12.00
# Visual Studio Version 16
VisualStudioVersion = 16.0.32002.261
MinimumVisualStudioVersion = 10.0.40219.1
Project("{FAE04EC0-301F-11D3-BF4B-00C04F79EFBC}") = "web_app", "web_app\web_app.csproj", "{BFA0C57F-1520-482E-8EA7-0EB13245FE47}"
EndProject
Global
	GlobalSection(SolutionConfigurationPlatforms) = preSolution
		Debug|Any CPU = Debug|Any CPU
		Release|Any CPU = Release|Any CPU
	EndGlobalSection
	GlobalSection(ProjectConfigurationPlatforms) = postSolution
		{BFA0C57F-1520-482E-8EA7-0EB13245FE47}.Debug|Any CPU.ActiveCfg = Debug|Any CPU
		{BFA0C57F-1520-482E-8EA7-0EB13245FE47}.Debug|Any CPU.Build.0 = Debug|Any CPU
		{BFA0C57F-1520-482E-8EA7-0EB13245FE47}.Release|Any CPU.ActiveCfg = Release|Any CPU
		{BFA0C57F-1520-482E-8EA7-0EB13245FE47}.Release|Any CPU.Build.0 = Release|Any CPU
	EndGlobalSection
	GlobalSection(SolutionProperties) = preSolution
		HideSolutionNode = FALSE
	EndGlobalSection
	GlobalSection(ExtensibilityGlobals) = postSolution
		SolutionGuid = {45652D3F-8F5B-4912-AA17-5D6C35504EEB}
	EndGlobalSection
EndGlobal
